// !$*UTF8*$!
{
	archiveVersion = 1;
	classes = {
	};
	objectVersion = 50;
	objects = {

/* Begin PBXBuildFile section */
		138B3DF5E804713A303CC2DA /* Pods_Pole.framework in Frameworks */ = {isa = PBXBuildFile; fileRef = 732F51622CF77AB7246E0BC8 /* Pods_Pole.framework */; };
		841AC5FC2174A33F00D7189D /* AppDelegate.swift in Sources */ = {isa = PBXBuildFile; fileRef = 841AC5FB2174A33F00D7189D /* AppDelegate.swift */; };
		841AC5FE2174A33F00D7189D /* ViewController.swift in Sources */ = {isa = PBXBuildFile; fileRef = 841AC5FD2174A33F00D7189D /* ViewController.swift */; };
		841AC6012174A33F00D7189D /* Main.storyboard in Resources */ = {isa = PBXBuildFile; fileRef = 841AC5FF2174A33F00D7189D /* Main.storyboard */; };
		841AC6032174A34200D7189D /* Assets.xcassets in Resources */ = {isa = PBXBuildFile; fileRef = 841AC6022174A34200D7189D /* Assets.xcassets */; };
		841AC6062174A34200D7189D /* LaunchScreen.storyboard in Resources */ = {isa = PBXBuildFile; fileRef = 841AC6042174A34200D7189D /* LaunchScreen.storyboard */; };
		841AC60F2174A4ED00D7189D /* loginController.swift in Sources */ = {isa = PBXBuildFile; fileRef = 841AC60E2174A4ED00D7189D /* loginController.swift */; };
		841AC6122174B2AA00D7189D /* Extensions.swift in Sources */ = {isa = PBXBuildFile; fileRef = 841AC6112174B2AA00D7189D /* Extensions.swift */; };
		841AC6152174C0E700D7189D /* ScannerViewController.swift in Sources */ = {isa = PBXBuildFile; fileRef = 841AC6142174C0E700D7189D /* ScannerViewController.swift */; };
		8495B3B12174E07300F14FC8 /* ReaderController.swift in Sources */ = {isa = PBXBuildFile; fileRef = 8495B3B02174E07300F14FC8 /* ReaderController.swift */; };
		8495B3B52175037B00F14FC8 /* MyFormViewController.swift in Sources */ = {isa = PBXBuildFile; fileRef = 8495B3B42175037B00F14FC8 /* MyFormViewController.swift */; };
		8495B3B721750D2200F14FC8 /* CustomCells.swift in Sources */ = {isa = PBXBuildFile; fileRef = 8495B3B621750D2200F14FC8 /* CustomCells.swift */; };
/* End PBXBuildFile section */

/* Begin PBXFileReference section */
		732F51622CF77AB7246E0BC8 /* Pods_Pole.framework */ = {isa = PBXFileReference; explicitFileType = wrapper.framework; includeInIndex = 0; path = Pods_Pole.framework; sourceTree = BUILT_PRODUCTS_DIR; };
		841AC5F82174A33F00D7189D /* Pole.app */ = {isa = PBXFileReference; explicitFileType = wrapper.application; includeInIndex = 0; path = Pole.app; sourceTree = BUILT_PRODUCTS_DIR; };
		841AC5FB2174A33F00D7189D /* AppDelegate.swift */ = {isa = PBXFileReference; lastKnownFileType = sourcecode.swift; path = AppDelegate.swift; sourceTree = "<group>"; };
		841AC5FD2174A33F00D7189D /* ViewController.swift */ = {isa = PBXFileReference; lastKnownFileType = sourcecode.swift; path = ViewController.swift; sourceTree = "<group>"; };
		841AC6002174A33F00D7189D /* Base */ = {isa = PBXFileReference; lastKnownFileType = file.storyboard; name = Base; path = Base.lproj/Main.storyboard; sourceTree = "<group>"; };
		841AC6022174A34200D7189D /* Assets.xcassets */ = {isa = PBXFileReference; lastKnownFileType = folder.assetcatalog; path = Assets.xcassets; sourceTree = "<group>"; };
		841AC6052174A34200D7189D /* Base */ = {isa = PBXFileReference; lastKnownFileType = file.storyboard; name = Base; path = Base.lproj/LaunchScreen.storyboard; sourceTree = "<group>"; };
		841AC6072174A34200D7189D /* Info.plist */ = {isa = PBXFileReference; lastKnownFileType = text.plist.xml; path = Info.plist; sourceTree = "<group>"; };
		841AC60E2174A4ED00D7189D /* loginController.swift */ = {isa = PBXFileReference; lastKnownFileType = sourcecode.swift; path = loginController.swift; sourceTree = "<group>"; };
		841AC6112174B2AA00D7189D /* Extensions.swift */ = {isa = PBXFileReference; lastKnownFileType = sourcecode.swift; path = Extensions.swift; sourceTree = "<group>"; };
		841AC6142174C0E700D7189D /* ScannerViewController.swift */ = {isa = PBXFileReference; lastKnownFileType = sourcecode.swift; path = ScannerViewController.swift; sourceTree = "<group>"; };
		8495B3B02174E07300F14FC8 /* ReaderController.swift */ = {isa = PBXFileReference; lastKnownFileType = sourcecode.swift; path = ReaderController.swift; sourceTree = "<group>"; };
		8495B3B42175037B00F14FC8 /* MyFormViewController.swift */ = {isa = PBXFileReference; lastKnownFileType = sourcecode.swift; path = MyFormViewController.swift; sourceTree = "<group>"; };
		8495B3B621750D2200F14FC8 /* CustomCells.swift */ = {isa = PBXFileReference; lastKnownFileType = sourcecode.swift; path = CustomCells.swift; sourceTree = "<group>"; };
		D7EE3700C9D26E5D55E32A84 /* Pods-Pole.release.xcconfig */ = {isa = PBXFileReference; includeInIndex = 1; lastKnownFileType = text.xcconfig; name = "Pods-Pole.release.xcconfig"; path = "Pods/Target Support Files/Pods-Pole/Pods-Pole.release.xcconfig"; sourceTree = "<group>"; };
		E35694348C754C3944D8A8C4 /* Pods-Pole.debug.xcconfig */ = {isa = PBXFileReference; includeInIndex = 1; lastKnownFileType = text.xcconfig; name = "Pods-Pole.debug.xcconfig"; path = "Pods/Target Support Files/Pods-Pole/Pods-Pole.debug.xcconfig"; sourceTree = "<group>"; };
/* End PBXFileReference section */

/* Begin PBXFrameworksBuildPhase section */
		841AC5F52174A33F00D7189D /* Frameworks */ = {
			isa = PBXFrameworksBuildPhase;
			buildActionMask = 2147483647;
			files = (
				138B3DF5E804713A303CC2DA /* Pods_Pole.framework in Frameworks */,
			);
			runOnlyForDeploymentPostprocessing = 0;
		};
/* End PBXFrameworksBuildPhase section */

/* Begin PBXGroup section */
		841AC5EF2174A33F00D7189D = {
			isa = PBXGroup;
			children = (
				841AC5FA2174A33F00D7189D /* Pole */,
				841AC5F92174A33F00D7189D /* Products */,
				FE30D7036719B5271586328F /* Pods */,
				D688912C040EE563D5F3949E /* Frameworks */,
			);
			sourceTree = "<group>";
		};
		841AC5F92174A33F00D7189D /* Products */ = {
			isa = PBXGroup;
			children = (
				841AC5F82174A33F00D7189D /* Pole.app */,
			);
			name = Products;
			sourceTree = "<group>";
		};
		841AC5FA2174A33F00D7189D /* Pole */ = {
			isa = PBXGroup;
			children = (
				8495B3B3217502C700F14FC8 /* แบบสอบถาม */,
				841AC6132174B7B900D7189D /* QR Code */,
				841AC6102174B27E00D7189D /* Utils */,
				841AC60D2174A4B600D7189D /* Login */,
				841AC5FB2174A33F00D7189D /* AppDelegate.swift */,
				841AC5FD2174A33F00D7189D /* ViewController.swift */,
				841AC5FF2174A33F00D7189D /* Main.storyboard */,
				841AC6022174A34200D7189D /* Assets.xcassets */,
				841AC6042174A34200D7189D /* LaunchScreen.storyboard */,
				841AC6072174A34200D7189D /* Info.plist */,
			);
			path = Pole;
			sourceTree = "<group>";
		};
		841AC60D2174A4B600D7189D /* Login */ = {
			isa = PBXGroup;
			children = (
				841AC60E2174A4ED00D7189D /* loginController.swift */,
			);
			path = Login;
			sourceTree = "<group>";
		};
		841AC6102174B27E00D7189D /* Utils */ = {
			isa = PBXGroup;
			children = (
				841AC6112174B2AA00D7189D /* Extensions.swift */,
			);
			path = Utils;
			sourceTree = "<group>";
		};
		841AC6132174B7B900D7189D /* QR Code */ = {
			isa = PBXGroup;
			children = (
				841AC6142174C0E700D7189D /* ScannerViewController.swift */,
				8495B3B02174E07300F14FC8 /* ReaderController.swift */,
			);
			path = "QR Code";
			sourceTree = "<group>";
		};
		8495B3B3217502C700F14FC8 /* แบบสอบถาม */ = {
			isa = PBXGroup;
			children = (
				8495B3B42175037B00F14FC8 /* MyFormViewController.swift */,
				8495B3B621750D2200F14FC8 /* CustomCells.swift */,
			);
			path = "แบบสอบถาม";
			sourceTree = "<group>";
		};
		D688912C040EE563D5F3949E /* Frameworks */ = {
			isa = PBXGroup;
			children = (
				732F51622CF77AB7246E0BC8 /* Pods_Pole.framework */,
			);
			name = Frameworks;
			sourceTree = "<group>";
		};
		FE30D7036719B5271586328F /* Pods */ = {
			isa = PBXGroup;
			children = (
				E35694348C754C3944D8A8C4 /* Pods-Pole.debug.xcconfig */,
				D7EE3700C9D26E5D55E32A84 /* Pods-Pole.release.xcconfig */,
			);
			name = Pods;
			sourceTree = "<group>";
		};
/* End PBXGroup section */

/* Begin PBXNativeTarget section */
		841AC5F72174A33F00D7189D /* Pole */ = {
			isa = PBXNativeTarget;
			buildConfigurationList = 841AC60A2174A34200D7189D /* Build configuration list for PBXNativeTarget "Pole" */;
			buildPhases = (
				FE816782D2E5F2E1F0257B89 /* [CP] Check Pods Manifest.lock */,
				841AC5F42174A33F00D7189D /* Sources */,
				841AC5F52174A33F00D7189D /* Frameworks */,
				841AC5F62174A33F00D7189D /* Resources */,
				81AAAE44DAB09080568CCA6C /* [CP] Embed Pods Frameworks */,
			);
			buildRules = (
			);
			dependencies = (
			);
			name = Pole;
			productName = Pole;
			productReference = 841AC5F82174A33F00D7189D /* Pole.app */;
			productType = "com.apple.product-type.application";
		};
/* End PBXNativeTarget section */

/* Begin PBXProject section */
		841AC5F02174A33F00D7189D /* Project object */ = {
			isa = PBXProject;
			attributes = {
				LastSwiftUpdateCheck = 0940;
				LastUpgradeCheck = 0940;
				ORGANIZATIONNAME = "Apple Macintosh";
				TargetAttributes = {
					841AC5F72174A33F00D7189D = {
						CreatedOnToolsVersion = 9.4;
					};
				};
			};
			buildConfigurationList = 841AC5F32174A33F00D7189D /* Build configuration list for PBXProject "Pole" */;
			compatibilityVersion = "Xcode 9.3";
			developmentRegion = en;
			hasScannedForEncodings = 0;
			knownRegions = (
				en,
				Base,
			);
			mainGroup = 841AC5EF2174A33F00D7189D;
			productRefGroup = 841AC5F92174A33F00D7189D /* Products */;
			projectDirPath = "";
			projectRoot = "";
			targets = (
				841AC5F72174A33F00D7189D /* Pole */,
			);
		};
/* End PBXProject section */

/* Begin PBXResourcesBuildPhase section */
		841AC5F62174A33F00D7189D /* Resources */ = {
			isa = PBXResourcesBuildPhase;
			buildActionMask = 2147483647;
			files = (
				841AC6062174A34200D7189D /* LaunchScreen.storyboard in Resources */,
				841AC6032174A34200D7189D /* Assets.xcassets in Resources */,
				841AC6012174A33F00D7189D /* Main.storyboard in Resources */,
			);
			runOnlyForDeploymentPostprocessing = 0;
		};
/* End PBXResourcesBuildPhase section */

/* Begin PBXShellScriptBuildPhase section */
		81AAAE44DAB09080568CCA6C /* [CP] Embed Pods Frameworks */ = {
			isa = PBXShellScriptBuildPhase;
			buildActionMask = 2147483647;
			files = (
			);
			inputPaths = (
				"${SRCROOT}/Pods/Target Support Files/Pods-Pole/Pods-Pole-frameworks.sh",
				"${BUILT_PRODUCTS_DIR}/Alamofire/Alamofire.framework",
				"${BUILT_PRODUCTS_DIR}/Eureka/Eureka.framework",
				"${BUILT_PRODUCTS_DIR}/IQKeyboardManagerSwift/IQKeyboardManagerSwift.framework",
				"${BUILT_PRODUCTS_DIR}/QRCodeReader.swift/QRCodeReader.framework",
				"${BUILT_PRODUCTS_DIR}/SwiftValidator/SwiftValidator.framework",
			);
			name = "[CP] Embed Pods Frameworks";
			outputPaths = (
				"${TARGET_BUILD_DIR}/${FRAMEWORKS_FOLDER_PATH}/Alamofire.framework",
				"${TARGET_BUILD_DIR}/${FRAMEWORKS_FOLDER_PATH}/Eureka.framework",
				"${TARGET_BUILD_DIR}/${FRAMEWORKS_FOLDER_PATH}/IQKeyboardManagerSwift.framework",
				"${TARGET_BUILD_DIR}/${FRAMEWORKS_FOLDER_PATH}/QRCodeReader.framework",
				"${TARGET_BUILD_DIR}/${FRAMEWORKS_FOLDER_PATH}/SwiftValidator.framework",
			);
			runOnlyForDeploymentPostprocessing = 0;
			shellPath = /bin/sh;
			shellScript = "\"${SRCROOT}/Pods/Target Support Files/Pods-Pole/Pods-Pole-frameworks.sh\"\n";
			showEnvVarsInLog = 0;
		};
		FE816782D2E5F2E1F0257B89 /* [CP] Check Pods Manifest.lock */ = {
			isa = PBXShellScriptBuildPhase;
			buildActionMask = 2147483647;
			files = (
			);
			inputPaths = (
				"${PODS_PODFILE_DIR_PATH}/Podfile.lock",
				"${PODS_ROOT}/Manifest.lock",
			);
			name = "[CP] Check Pods Manifest.lock";
			outputPaths = (
				"$(DERIVED_FILE_DIR)/Pods-Pole-checkManifestLockResult.txt",
			);
			runOnlyForDeploymentPostprocessing = 0;
			shellPath = /bin/sh;
			shellScript = "diff \"${PODS_PODFILE_DIR_PATH}/Podfile.lock\" \"${PODS_ROOT}/Manifest.lock\" > /dev/null\nif [ $? != 0 ] ; then\n    # print error to STDERR\n    echo \"error: The sandbox is not in sync with the Podfile.lock. Run 'pod install' or update your CocoaPods installation.\" >&2\n    exit 1\nfi\n# This output is used by Xcode 'outputs' to avoid re-running this script phase.\necho \"SUCCESS\" > \"${SCRIPT_OUTPUT_FILE_0}\"\n";
			showEnvVarsInLog = 0;
		};
/* End PBXShellScriptBuildPhase section */

/* Begin PBXSourcesBuildPhase section */
		841AC5F42174A33F00D7189D /* Sources */ = {
			isa = PBXSourcesBuildPhase;
			buildActionMask = 2147483647;
			files = (
				841AC5FE2174A33F00D7189D /* ViewController.swift in Sources */,
				841AC60F2174A4ED00D7189D /* loginController.swift in Sources */,
				8495B3B721750D2200F14FC8 /* CustomCells.swift in Sources */,
				8495B3B12174E07300F14FC8 /* ReaderController.swift in Sources */,
				8495B3B52175037B00F14FC8 /* MyFormViewController.swift in Sources */,
				841AC5FC2174A33F00D7189D /* AppDelegate.swift in Sources */,
				841AC6152174C0E700D7189D /* ScannerViewController.swift in Sources */,
				841AC6122174B2AA00D7189D /* Extensions.swift in Sources */,
			);
			runOnlyForDeploymentPostprocessing = 0;
		};
/* End PBXSourcesBuildPhase section */

/* Begin PBXVariantGroup section */
		841AC5FF2174A33F00D7189D /* Main.storyboard */ = {
			isa = PBXVariantGroup;
			children = (
				841AC6002174A33F00D7189D /* Base */,
			);
			name = Main.storyboard;
			sourceTree = "<group>";
		};
		841AC6042174A34200D7189D /* LaunchScreen.storyboard */ = {
			isa = PBXVariantGroup;
			children = (
				841AC6052174A34200D7189D /* Base */,
			);
			name = LaunchScreen.storyboard;
			sourceTree = "<group>";
		};
/* End PBXVariantGroup section */

/* Begin XCBuildConfiguration section */
		841AC6082174A34200D7189D /* Debug */ = {
			isa = XCBuildConfiguration;
			buildSettings = {
				ALWAYS_SEARCH_USER_PATHS = NO;
				CLANG_ANALYZER_NONNULL = YES;
				CLANG_ANALYZER_NUMBER_OBJECT_CONVERSION = YES_AGGRESSIVE;
				CLANG_CXX_LANGUAGE_STANDARD = "gnu++14";
				CLANG_CXX_LIBRARY = "libc++";
				CLANG_ENABLE_MODULES = YES;
				CLANG_ENABLE_OBJC_ARC = YES;
				CLANG_ENABLE_OBJC_WEAK = YES;
				CLANG_WARN_BLOCK_CAPTURE_AUTORELEASING = YES;
				CLANG_WARN_BOOL_CONVERSION = YES;
				CLANG_WARN_COMMA = YES;
				CLANG_WARN_CONSTANT_CONVERSION = YES;
				CLANG_WARN_DEPRECATED_OBJC_IMPLEMENTATIONS = YES;
				CLANG_WARN_DIRECT_OBJC_ISA_USAGE = YES_ERROR;
				CLANG_WARN_DOCUMENTATION_COMMENTS = YES;
				CLANG_WARN_EMPTY_BODY = YES;
				CLANG_WARN_ENUM_CONVERSION = YES;
				CLANG_WARN_INFINITE_RECURSION = YES;
				CLANG_WARN_INT_CONVERSION = YES;
				CLANG_WARN_NON_LITERAL_NULL_CONVERSION = YES;
				CLANG_WARN_OBJC_IMPLICIT_RETAIN_SELF = YES;
				CLANG_WARN_OBJC_LITERAL_CONVERSION = YES;
				CLANG_WARN_OBJC_ROOT_CLASS = YES_ERROR;
				CLANG_WARN_RANGE_LOOP_ANALYSIS = YES;
				CLANG_WARN_STRICT_PROTOTYPES = YES;
				CLANG_WARN_SUSPICIOUS_MOVE = YES;
				CLANG_WARN_UNGUARDED_AVAILABILITY = YES_AGGRESSIVE;
				CLANG_WARN_UNREACHABLE_CODE = YES;
				CLANG_WARN__DUPLICATE_METHOD_MATCH = YES;
				CODE_SIGN_IDENTITY = "iPhone Developer";
				COPY_PHASE_STRIP = NO;
				DEBUG_INFORMATION_FORMAT = dwarf;
				ENABLE_STRICT_OBJC_MSGSEND = YES;
				ENABLE_TESTABILITY = YES;
				GCC_C_LANGUAGE_STANDARD = gnu11;
				GCC_DYNAMIC_NO_PIC = NO;
				GCC_NO_COMMON_BLOCKS = YES;
				GCC_OPTIMIZATION_LEVEL = 0;
				GCC_PREPROCESSOR_DEFINITIONS = (
					"DEBUG=1",
					"$(inherited)",
				);
				GCC_WARN_64_TO_32_BIT_CONVERSION = YES;
				GCC_WARN_ABOUT_RETURN_TYPE = YES_ERROR;
				GCC_WARN_UNDECLARED_SELECTOR = YES;
				GCC_WARN_UNINITIALIZED_AUTOS = YES_AGGRESSIVE;
				GCC_WARN_UNUSED_FUNCTION = YES;
				GCC_WARN_UNUSED_VARIABLE = YES;
				IPHONEOS_DEPLOYMENT_TARGET = 11.4;
				MTL_ENABLE_DEBUG_INFO = YES;
				ONLY_ACTIVE_ARCH = YES;
				SDKROOT = iphoneos;
				SWIFT_ACTIVE_COMPILATION_CONDITIONS = DEBUG;
				SWIFT_OPTIMIZATION_LEVEL = "-Onone";
			};
			name = Debug;
		};
		841AC6092174A34200D7189D /* Release */ = {
			isa = XCBuildConfiguration;
			buildSettings = {
				ALWAYS_SEARCH_USER_PATHS = NO;
				CLANG_ANALYZER_NONNULL = YES;
				CLANG_ANALYZER_NUMBER_OBJECT_CONVERSION = YES_AGGRESSIVE;
				CLANG_CXX_LANGUAGE_STANDARD = "gnu++14";
				CLANG_CXX_LIBRARY = "libc++";
				CLANG_ENABLE_MODULES = YES;
				CLANG_ENABLE_OBJC_ARC = YES;
				CLANG_ENABLE_OBJC_WEAK = YES;
				CLANG_WARN_BLOCK_CAPTURE_AUTORELEASING = YES;
				CLANG_WARN_BOOL_CONVERSION = YES;
				CLANG_WARN_COMMA = YES;
				CLANG_WARN_CONSTANT_CONVERSION = YES;
				CLANG_WARN_DEPRECATED_OBJC_IMPLEMENTATIONS = YES;
				CLANG_WARN_DIRECT_OBJC_ISA_USAGE = YES_ERROR;
				CLANG_WARN_DOCUMENTATION_COMMENTS = YES;
				CLANG_WARN_EMPTY_BODY = YES;
				CLANG_WARN_ENUM_CONVERSION = YES;
				CLANG_WARN_INFINITE_RECURSION = YES;
				CLANG_WARN_INT_CONVERSION = YES;
				CLANG_WARN_NON_LITERAL_NULL_CONVERSION = YES;
				CLANG_WARN_OBJC_IMPLICIT_RETAIN_SELF = YES;
				CLANG_WARN_OBJC_LITERAL_CONVERSION = YES;
				CLANG_WARN_OBJC_ROOT_CLASS = YES_ERROR;
				CLANG_WARN_RANGE_LOOP_ANALYSIS = YES;
				CLANG_WARN_STRICT_PROTOTYPES = YES;
				CLANG_WARN_SUSPICIOUS_MOVE = YES;
				CLANG_WARN_UNGUARDED_AVAILABILITY = YES_AGGRESSIVE;
				CLANG_WARN_UNREACHABLE_CODE = YES;
				CLANG_WARN__DUPLICATE_METHOD_MATCH = YES;
				CODE_SIGN_IDENTITY = "iPhone Developer";
				COPY_PHASE_STRIP = NO;
				DEBUG_INFORMATION_FORMAT = "dwarf-with-dsym";
				ENABLE_NS_ASSERTIONS = NO;
				ENABLE_STRICT_OBJC_MSGSEND = YES;
				GCC_C_LANGUAGE_STANDARD = gnu11;
				GCC_NO_COMMON_BLOCKS = YES;
				GCC_WARN_64_TO_32_BIT_CONVERSION = YES;
				GCC_WARN_ABOUT_RETURN_TYPE = YES_ERROR;
				GCC_WARN_UNDECLARED_SELECTOR = YES;
				GCC_WARN_UNINITIALIZED_AUTOS = YES_AGGRESSIVE;
				GCC_WARN_UNUSED_FUNCTION = YES;
				GCC_WARN_UNUSED_VARIABLE = YES;
				IPHONEOS_DEPLOYMENT_TARGET = 11.4;
				MTL_ENABLE_DEBUG_INFO = NO;
				SDKROOT = iphoneos;
				SWIFT_COMPILATION_MODE = wholemodule;
				SWIFT_OPTIMIZATION_LEVEL = "-O";
				VALIDATE_PRODUCT = YES;
			};
			name = Release;
		};
		841AC60B2174A34200D7189D /* Debug */ = {
			isa = XCBuildConfiguration;
			baseConfigurationReference = E35694348C754C3944D8A8C4 /* Pods-Pole.debug.xcconfig */;
			buildSettings = {
				ASSETCATALOG_COMPILER_APPICON_NAME = AppIcon;
				CODE_SIGN_STYLE = Automatic;
				DEVELOPMENT_TEAM = P36FZHCVL6;
				INFOPLIST_FILE = Pole/Info.plist;
				LD_RUNPATH_SEARCH_PATHS = (
					"$(inherited)",
					"@executable_path/Frameworks",
				);
				PRODUCT_BUNDLE_IDENTIFIER = th.co.banana.Pole;
				PRODUCT_NAME = "$(TARGET_NAME)";
				SWIFT_VERSION = 4.0;
				TARGETED_DEVICE_FAMILY = "1,2";
			};
			name = Debug;
		};
		841AC60C2174A34200D7189D /* Release */ = {
			isa = XCBuildConfiguration;
			baseConfigurationReference = D7EE3700C9D26E5D55E32A84 /* Pods-Pole.release.xcconfig */;
			buildSettings = {
				ASSETCATALOG_COMPILER_APPICON_NAME = AppIcon;
				CODE_SIGN_STYLE = Automatic;
				DEVELOPMENT_TEAM = P36FZHCVL6;
				INFOPLIST_FILE = Pole/Info.plist;
				LD_RUNPATH_SEARCH_PATHS = (
					"$(inherited)",
					"@executable_path/Frameworks",
				);
				PRODUCT_BUNDLE_IDENTIFIER = th.co.banana.Pole;
				PRODUCT_NAME = "$(TARGET_NAME)";
				SWIFT_VERSION = 4.0;
				TARGETED_DEVICE_FAMILY = "1,2";
			};
			name = Release;
		};
/* End XCBuildConfiguration section */

/* Begin XCConfigurationList section */
		841AC5F32174A33F00D7189D /* Build configuration list for PBXProject "Pole" */ = {
			isa = XCConfigurationList;
			buildConfigurations = (
				841AC6082174A34200D7189D /* Debug */,
				841AC6092174A34200D7189D /* Release */,
			);
			defaultConfigurationIsVisible = 0;
			defaultConfigurationName = Release;
		};
		841AC60A2174A34200D7189D /* Build configuration list for PBXNativeTarget "Pole" */ = {
			isa = XCConfigurationList;
			buildConfigurations = (
				841AC60B2174A34200D7189D /* Debug */,
				841AC60C2174A34200D7189D /* Release */,
			);
			defaultConfigurationIsVisible = 0;
			defaultConfigurationName = Release;
		};
/* End XCConfigurationList section */
	};
	rootObject = 841AC5F02174A33F00D7189D /* Project object */;
}
